
Microsoft Visual Studio Solution File, Format Version 12.00
# Visual Studio 15
VisualStudioVersion = 15.0.28010.2019
MinimumVisualStudioVersion = 10.0.40219.1
Project("{FAE04EC0-301F-11D3-BF4B-00C04F79EFBC}") = "Mic.Volo.DBGenerate", "Mic.Volo.DBGenerate.csproj", "{C376E1B5-3C9F-42BB-ABDC-F46B361D2728}"
EndProject
Global
	GlobalSection(SolutionConfigurationPlatforms) = preSolution
		Debug|Any CPU = Debug|Any CPU
		Release|Any CPU = Release|Any CPU
	EndGlobalSection
	GlobalSection(ProjectConfigurationPlatforms) = postSolution
		{C376E1B5-3C9F-42BB-ABDC-F46B361D2728}.Debug|Any CPU.ActiveCfg = Debug|Any CPU
		{C376E1B5-3C9F-42BB-ABDC-F46B361D2728}.Debug|Any CPU.Build.0 = Debug|Any CPU
		{C376E1B5-3C9F-42BB-ABDC-F46B361D2728}.Release|Any CPU.ActiveCfg = Release|Any CPU
		{C376E1B5-3C9F-42BB-ABDC-F46B361D2728}.Release|Any CPU.Build.0 = Release|Any CPU
	EndGlobalSection
	GlobalSection(SolutionProperties) = preSolution
		HideSolutionNode = FALSE
	EndGlobalSection
	GlobalSection(ExtensibilityGlobals) = postSolution
		SolutionGuid = {B56EB9DF-6DDF-4753-B5E6-6FD4FACB9E0B}
	EndGlobalSection
EndGlobal
